// !$*UTF8*$!
{
	archiveVersion = 1;
	classes = {
	};
	objectVersion = 56;
	objects = {

/* Begin PBXBuildFile section */
		CCC101252A95F62400422865 /* MultilineTextFieldSwiftUIDemoApp.swift in Sources */ = {isa = PBXBuildFile; fileRef = CCC101242A95F62400422865 /* MultilineTextFieldSwiftUIDemoApp.swift */; };
		CCC101272A95F62400422865 /* ContentView.swift in Sources */ = {isa = PBXBuildFile; fileRef = CCC101262A95F62400422865 /* ContentView.swift */; };
		CCC101292A95F62500422865 /* Assets.xcassets in Resources */ = {isa = PBXBuildFile; fileRef = CCC101282A95F62500422865 /* Assets.xcassets */; };
		CCC1012D2A95F62500422865 /* Preview Assets.xcassets in Resources */ = {isa = PBXBuildFile; fileRef = CCC1012C2A95F62500422865 /* Preview Assets.xcassets */; };
		CCC101412A95F75D00422865 /* HSBMultilineTextField.swift in Sources */ = {isa = PBXBuildFile; fileRef = CCC1013D2A95F75D00422865 /* HSBMultilineTextField.swift */; };
		CCC101422A95F75D00422865 /* HSBMultilineTextData.swift in Sources */ = {isa = PBXBuildFile; fileRef = CCC1013E2A95F75D00422865 /* HSBMultilineTextData.swift */; };
		CCC101432A95F75D00422865 /* HSBMultilineTextFieldItemViewModel.swift in Sources */ = {isa = PBXBuildFile; fileRef = CCC1013F2A95F75D00422865 /* HSBMultilineTextFieldItemViewModel.swift */; };
		CCC101442A95F75D00422865 /* HSBMultilineTextFieldViewModel.swift in Sources */ = {isa = PBXBuildFile; fileRef = CCC101402A95F75D00422865 /* HSBMultilineTextFieldViewModel.swift */; };
		CCC101472A95F77200422865 /* SwiftUIIntrospect in Frameworks */ = {isa = PBXBuildFile; productRef = CCC101462A95F77200422865 /* SwiftUIIntrospect */; };
/* End PBXBuildFile section */

/* Begin PBXFileReference section */
		CCC101212A95F62400422865 /* MultilineTextFieldSwiftUIDemo.app */ = {isa = PBXFileReference; explicitFileType = wrapper.application; includeInIndex = 0; path = MultilineTextFieldSwiftUIDemo.app; sourceTree = BUILT_PRODUCTS_DIR; };
		CCC101242A95F62400422865 /* MultilineTextFieldSwiftUIDemoApp.swift */ = {isa = PBXFileReference; lastKnownFileType = sourcecode.swift; path = MultilineTextFieldSwiftUIDemoApp.swift; sourceTree = "<group>"; };
		CCC101262A95F62400422865 /* ContentView.swift */ = {isa = PBXFileReference; lastKnownFileType = sourcecode.swift; path = ContentView.swift; sourceTree = "<group>"; };
		CCC101282A95F62500422865 /* Assets.xcassets */ = {isa = PBXFileReference; lastKnownFileType = folder.assetcatalog; path = Assets.xcassets; sourceTree = "<group>"; };
		CCC1012A2A95F62500422865 /* MultilineTextFieldSwiftUIDemo.entitlements */ = {isa = PBXFileReference; lastKnownFileType = text.plist.entitlements; path = MultilineTextFieldSwiftUIDemo.entitlements; sourceTree = "<group>"; };
		CCC1012C2A95F62500422865 /* Preview Assets.xcassets */ = {isa = PBXFileReference; lastKnownFileType = folder.assetcatalog; path = "Preview Assets.xcassets"; sourceTree = "<group>"; };
		CCC1013D2A95F75D00422865 /* HSBMultilineTextField.swift */ = {isa = PBXFileReference; fileEncoding = 4; lastKnownFileType = sourcecode.swift; name = HSBMultilineTextField.swift; path = ../../Sources/MultilineTextFieldSwiftUI/HSBMultilineTextField.swift; sourceTree = "<group>"; };
		CCC1013E2A95F75D00422865 /* HSBMultilineTextData.swift */ = {isa = PBXFileReference; fileEncoding = 4; lastKnownFileType = sourcecode.swift; name = HSBMultilineTextData.swift; path = ../../Sources/MultilineTextFieldSwiftUI/HSBMultilineTextData.swift; sourceTree = "<group>"; };
		CCC1013F2A95F75D00422865 /* HSBMultilineTextFieldItemViewModel.swift */ = {isa = PBXFileReference; fileEncoding = 4; lastKnownFileType = sourcecode.swift; name = HSBMultilineTextFieldItemViewModel.swift; path = ../../Sources/MultilineTextFieldSwiftUI/HSBMultilineTextFieldItemViewModel.swift; sourceTree = "<group>"; };
		CCC101402A95F75D00422865 /* HSBMultilineTextFieldViewModel.swift */ = {isa = PBXFileReference; fileEncoding = 4; lastKnownFileType = sourcecode.swift; name = HSBMultilineTextFieldViewModel.swift; path = ../../Sources/MultilineTextFieldSwiftUI/HSBMultilineTextFieldViewModel.swift; sourceTree = "<group>"; };
/* End PBXFileReference section */

/* Begin PBXFrameworksBuildPhase section */
		CCC1011E2A95F62400422865 /* Frameworks */ = {
			isa = PBXFrameworksBuildPhase;
			buildActionMask = 2147483647;
			files = (
				CCC101472A95F77200422865 /* SwiftUIIntrospect in Frameworks */,
			);
			runOnlyForDeploymentPostprocessing = 0;
		};
/* End PBXFrameworksBuildPhase section */

/* Begin PBXGroup section */
		CCC101182A95F62400422865 = {
			isa = PBXGroup;
			children = (
				CCC101232A95F62400422865 /* MultilineTextFieldSwiftUIDemo */,
				CCC101222A95F62400422865 /* Products */,
			);
			sourceTree = "<group>";
		};
		CCC101222A95F62400422865 /* Products */ = {
			isa = PBXGroup;
			children = (
				CCC101212A95F62400422865 /* MultilineTextFieldSwiftUIDemo.app */,
			);
			name = Products;
			sourceTree = "<group>";
		};
		CCC101232A95F62400422865 /* MultilineTextFieldSwiftUIDemo */ = {
			isa = PBXGroup;
			children = (
				CCC101242A95F62400422865 /* MultilineTextFieldSwiftUIDemoApp.swift */,
				CCC101262A95F62400422865 /* ContentView.swift */,
				CCC1013D2A95F75D00422865 /* HSBMultilineTextField.swift */,
				CCC1013F2A95F75D00422865 /* HSBMultilineTextFieldItemViewModel.swift */,
				CCC101402A95F75D00422865 /* HSBMultilineTextFieldViewModel.swift */,
				CCC1013E2A95F75D00422865 /* HSBMultilineTextData.swift */,
				CCC101282A95F62500422865 /* Assets.xcassets */,
				CCC1012A2A95F62500422865 /* MultilineTextFieldSwiftUIDemo.entitlements */,
				CCC1012B2A95F62500422865 /* Preview Content */,
			);
			path = MultilineTextFieldSwiftUIDemo;
			sourceTree = "<group>";
		};
		CCC1012B2A95F62500422865 /* Preview Content */ = {
			isa = PBXGroup;
			children = (
				CCC1012C2A95F62500422865 /* Preview Assets.xcassets */,
			);
			path = "Preview Content";
			sourceTree = "<group>";
		};
/* End PBXGroup section */

/* Begin PBXNativeTarget section */
		CCC101202A95F62400422865 /* MultilineTextFieldSwiftUIDemo */ = {
			isa = PBXNativeTarget;
			buildConfigurationList = CCC101302A95F62500422865 /* Build configuration list for PBXNativeTarget "MultilineTextFieldSwiftUIDemo" */;
			buildPhases = (
				CCC1011D2A95F62400422865 /* Sources */,
				CCC1011E2A95F62400422865 /* Frameworks */,
				CCC1011F2A95F62400422865 /* Resources */,
			);
			buildRules = (
			);
			dependencies = (
			);
			name = MultilineTextFieldSwiftUIDemo;
			packageProductDependencies = (
				CCC101462A95F77200422865 /* SwiftUIIntrospect */,
			);
			productName = MultilineTextFieldSwiftUIDemo;
			productReference = CCC101212A95F62400422865 /* MultilineTextFieldSwiftUIDemo.app */;
			productType = "com.apple.product-type.application";
		};
/* End PBXNativeTarget section */

/* Begin PBXProject section */
		CCC101192A95F62400422865 /* Project object */ = {
			isa = PBXProject;
			attributes = {
				BuildIndependentTargetsInParallel = 1;
				LastSwiftUpdateCheck = 1430;
				LastUpgradeCheck = 1430;
				TargetAttributes = {
					CCC101202A95F62400422865 = {
						CreatedOnToolsVersion = 14.3.1;
					};
				};
			};
			buildConfigurationList = CCC1011C2A95F62400422865 /* Build configuration list for PBXProject "MultilineTextFieldSwiftUIDemo" */;
			compatibilityVersion = "Xcode 14.0";
			developmentRegion = en;
			hasScannedForEncodings = 0;
			knownRegions = (
				en,
				Base,
			);
			mainGroup = CCC101182A95F62400422865;
			packageReferences = (
				CCC101452A95F77200422865 /* XCRemoteSwiftPackageReference "SwiftUI-Introspect" */,
			);
			productRefGroup = CCC101222A95F62400422865 /* Products */;
			projectDirPath = "";
			projectRoot = "";
			targets = (
				CCC101202A95F62400422865 /* MultilineTextFieldSwiftUIDemo */,
			);
		};
/* End PBXProject section */

/* Begin PBXResourcesBuildPhase section */
		CCC1011F2A95F62400422865 /* Resources */ = {
			isa = PBXResourcesBuildPhase;
			buildActionMask = 2147483647;
			files = (
				CCC1012D2A95F62500422865 /* Preview Assets.xcassets in Resources */,
				CCC101292A95F62500422865 /* Assets.xcassets in Resources */,
			);
			runOnlyForDeploymentPostprocessing = 0;
		};
/* End PBXResourcesBuildPhase section */

/* Begin PBXSourcesBuildPhase section */
		CCC1011D2A95F62400422865 /* Sources */ = {
			isa = PBXSourcesBuildPhase;
			buildActionMask = 2147483647;
			files = (
				CCC101442A95F75D00422865 /* HSBMultilineTextFieldViewModel.swift in Sources */,
				CCC101412A95F75D00422865 /* HSBMultilineTextField.swift in Sources */,
				CCC101272A95F62400422865 /* ContentView.swift in Sources */,
				CCC101422A95F75D00422865 /* HSBMultilineTextData.swift in Sources */,
				CCC101432A95F75D00422865 /* HSBMultilineTextFieldItemViewModel.swift in Sources */,
				CCC101252A95F62400422865 /* MultilineTextFieldSwiftUIDemoApp.swift in Sources */,
			);
			runOnlyForDeploymentPostprocessing = 0;
		};
/* End PBXSourcesBuildPhase section */

/* Begin XCBuildConfiguration section */
		CCC1012E2A95F62500422865 /* Debug */ = {
			isa = XCBuildConfiguration;
			buildSettings = {
				ALWAYS_SEARCH_USER_PATHS = NO;
				CLANG_ANALYZER_NONNULL = YES;
				CLANG_ANALYZER_NUMBER_OBJECT_CONVERSION = YES_AGGRESSIVE;
				CLANG_CXX_LANGUAGE_STANDARD = "gnu++20";
				CLANG_ENABLE_MODULES = YES;
				CLANG_ENABLE_OBJC_ARC = YES;
				CLANG_ENABLE_OBJC_WEAK = YES;
				CLANG_WARN_BLOCK_CAPTURE_AUTORELEASING = YES;
				CLANG_WARN_BOOL_CONVERSION = YES;
				CLANG_WARN_COMMA = YES;
				CLANG_WARN_CONSTANT_CONVERSION = YES;
				CLANG_WARN_DEPRECATED_OBJC_IMPLEMENTATIONS = YES;
				CLANG_WARN_DIRECT_OBJC_ISA_USAGE = YES_ERROR;
				CLANG_WARN_DOCUMENTATION_COMMENTS = YES;
				CLANG_WARN_EMPTY_BODY = YES;
				CLANG_WARN_ENUM_CONVERSION = YES;
				CLANG_WARN_INFINITE_RECURSION = YES;
				CLANG_WARN_INT_CONVERSION = YES;
				CLANG_WARN_NON_LITERAL_NULL_CONVERSION = YES;
				CLANG_WARN_OBJC_IMPLICIT_RETAIN_SELF = YES;
				CLANG_WARN_OBJC_LITERAL_CONVERSION = YES;
				CLANG_WARN_OBJC_ROOT_CLASS = YES_ERROR;
				CLANG_WARN_QUOTED_INCLUDE_IN_FRAMEWORK_HEADER = YES;
				CLANG_WARN_RANGE_LOOP_ANALYSIS = YES;
				CLANG_WARN_STRICT_PROTOTYPES = YES;
				CLANG_WARN_SUSPICIOUS_MOVE = YES;
				CLANG_WARN_UNGUARDED_AVAILABILITY = YES_AGGRESSIVE;
				CLANG_WARN_UNREACHABLE_CODE = YES;
				CLANG_WARN__DUPLICATE_METHOD_MATCH = YES;
				COPY_PHASE_STRIP = NO;
				DEBUG_INFORMATION_FORMAT = dwarf;
				ENABLE_STRICT_OBJC_MSGSEND = YES;
				ENABLE_TESTABILITY = YES;
				GCC_C_LANGUAGE_STANDARD = gnu11;
				GCC_DYNAMIC_NO_PIC = NO;
				GCC_NO_COMMON_BLOCKS = YES;
				GCC_OPTIMIZATION_LEVEL = 0;
				GCC_PREPROCESSOR_DEFINITIONS = (
					"DEBUG=1",
					"$(inherited)",
				);
				GCC_WARN_64_TO_32_BIT_CONVERSION = YES;
				GCC_WARN_ABOUT_RETURN_TYPE = YES_ERROR;
				GCC_WARN_UNDECLARED_SELECTOR = YES;
				GCC_WARN_UNINITIALIZED_AUTOS = YES_AGGRESSIVE;
				GCC_WARN_UNUSED_FUNCTION = YES;
				GCC_WARN_UNUSED_VARIABLE = YES;
				MTL_ENABLE_DEBUG_INFO = INCLUDE_SOURCE;
				MTL_FAST_MATH = YES;
				ONLY_ACTIVE_ARCH = YES;
				SWIFT_ACTIVE_COMPILATION_CONDITIONS = DEBUG;
				SWIFT_OPTIMIZATION_LEVEL = "-Onone";
			};
			name = Debug;
		};
		CCC1012F2A95F62500422865 /* Release */ = {
			isa = XCBuildConfiguration;
			buildSettings = {
				ALWAYS_SEARCH_USER_PATHS = NO;
				CLANG_ANALYZER_NONNULL = YES;
				CLANG_ANALYZER_NUMBER_OBJECT_CONVERSION = YES_AGGRESSIVE;
				CLANG_CXX_LANGUAGE_STANDARD = "gnu++20";
				CLANG_ENABLE_MODULES = YES;
				CLANG_ENABLE_OBJC_ARC = YES;
				CLANG_ENABLE_OBJC_WEAK = YES;
				CLANG_WARN_BLOCK_CAPTURE_AUTORELEASING = YES;
				CLANG_WARN_BOOL_CONVERSION = YES;
				CLANG_WARN_COMMA = YES;
				CLANG_WARN_CONSTANT_CONVERSION = YES;
				CLANG_WARN_DEPRECATED_OBJC_IMPLEMENTATIONS = YES;
				CLANG_WARN_DIRECT_OBJC_ISA_USAGE = YES_ERROR;
				CLANG_WARN_DOCUMENTATION_COMMENTS = YES;
				CLANG_WARN_EMPTY_BODY = YES;
				CLANG_WARN_ENUM_CONVERSION = YES;
				CLANG_WARN_INFINITE_RECURSION = YES;
				CLANG_WARN_INT_CONVERSION = YES;
				CLANG_WARN_NON_LITERAL_NULL_CONVERSION = YES;
				CLANG_WARN_OBJC_IMPLICIT_RETAIN_SELF = YES;
				CLANG_WARN_OBJC_LITERAL_CONVERSION = YES;
				CLANG_WARN_OBJC_ROOT_CLASS = YES_ERROR;
				CLANG_WARN_QUOTED_INCLUDE_IN_FRAMEWORK_HEADER = YES;
				CLANG_WARN_RANGE_LOOP_ANALYSIS = YES;
				CLANG_WARN_STRICT_PROTOTYPES = YES;
				CLANG_WARN_SUSPICIOUS_MOVE = YES;
				CLANG_WARN_UNGUARDED_AVAILABILITY = YES_AGGRESSIVE;
				CLANG_WARN_UNREACHABLE_CODE = YES;
				CLANG_WARN__DUPLICATE_METHOD_MATCH = YES;
				COPY_PHASE_STRIP = NO;
				DEBUG_INFORMATION_FORMAT = "dwarf-with-dsym";
				ENABLE_NS_ASSERTIONS = NO;
				ENABLE_STRICT_OBJC_MSGSEND = YES;
				GCC_C_LANGUAGE_STANDARD = gnu11;
				GCC_NO_COMMON_BLOCKS = YES;
				GCC_WARN_64_TO_32_BIT_CONVERSION = YES;
				GCC_WARN_ABOUT_RETURN_TYPE = YES_ERROR;
				GCC_WARN_UNDECLARED_SELECTOR = YES;
				GCC_WARN_UNINITIALIZED_AUTOS = YES_AGGRESSIVE;
				GCC_WARN_UNUSED_FUNCTION = YES;
				GCC_WARN_UNUSED_VARIABLE = YES;
				MTL_ENABLE_DEBUG_INFO = NO;
				MTL_FAST_MATH = YES;
				SWIFT_COMPILATION_MODE = wholemodule;
				SWIFT_OPTIMIZATION_LEVEL = "-O";
			};
			name = Release;
		};
		CCC101312A95F62500422865 /* Debug */ = {
			isa = XCBuildConfiguration;
			buildSettings = {
				ASSETCATALOG_COMPILER_APPICON_NAME = AppIcon;
				ASSETCATALOG_COMPILER_GLOBAL_ACCENT_COLOR_NAME = AccentColor;
				CODE_SIGN_ENTITLEMENTS = MultilineTextFieldSwiftUIDemo/MultilineTextFieldSwiftUIDemo.entitlements;
				CODE_SIGN_STYLE = Automatic;
				CURRENT_PROJECT_VERSION = 1;
				DEVELOPMENT_ASSET_PATHS = "\"MultilineTextFieldSwiftUIDemo/Preview Content\"";
				DEVELOPMENT_TEAM = 7C9772Q56V;
				ENABLE_HARDENED_RUNTIME = YES;
				ENABLE_PREVIEWS = YES;
				GENERATE_INFOPLIST_FILE = YES;
				"INFOPLIST_KEY_UIApplicationSceneManifest_Generation[sdk=iphoneos*]" = YES;
				"INFOPLIST_KEY_UIApplicationSceneManifest_Generation[sdk=iphonesimulator*]" = YES;
				"INFOPLIST_KEY_UIApplicationSupportsIndirectInputEvents[sdk=iphoneos*]" = YES;
				"INFOPLIST_KEY_UIApplicationSupportsIndirectInputEvents[sdk=iphonesimulator*]" = YES;
				"INFOPLIST_KEY_UILaunchScreen_Generation[sdk=iphoneos*]" = YES;
				"INFOPLIST_KEY_UILaunchScreen_Generation[sdk=iphonesimulator*]" = YES;
				"INFOPLIST_KEY_UIStatusBarStyle[sdk=iphoneos*]" = UIStatusBarStyleDefault;
				"INFOPLIST_KEY_UIStatusBarStyle[sdk=iphonesimulator*]" = UIStatusBarStyleDefault;
				INFOPLIST_KEY_UISupportedInterfaceOrientations_iPad = "UIInterfaceOrientationPortrait UIInterfaceOrientationPortraitUpsideDown UIInterfaceOrientationLandscapeLeft UIInterfaceOrientationLandscapeRight";
				INFOPLIST_KEY_UISupportedInterfaceOrientations_iPhone = "UIInterfaceOrientationPortrait UIInterfaceOrientationLandscapeLeft UIInterfaceOrientationLandscapeRight";
				IPHONEOS_DEPLOYMENT_TARGET = 15.0;
				LD_RUNPATH_SEARCH_PATHS = "@executable_path/Frameworks";
				"LD_RUNPATH_SEARCH_PATHS[sdk=macosx*]" = "@executable_path/../Frameworks";
				MACOSX_DEPLOYMENT_TARGET = 13.3;
				MARKETING_VERSION = 1.0;
				PRODUCT_BUNDLE_IDENTIFIER = com.hsb9kr.MultilineTextFieldSwiftUIDemo;
				PRODUCT_NAME = "$(TARGET_NAME)";
				SDKROOT = auto;
				SUPPORTED_PLATFORMS = "iphoneos iphonesimulator";
				SUPPORTS_MACCATALYST = NO;
				SUPPORTS_MAC_DESIGNED_FOR_IPHONE_IPAD = NO;
				SWIFT_EMIT_LOC_STRINGS = YES;
				SWIFT_VERSION = 5.0;
				TARGETED_DEVICE_FAMILY = "1,2";
			};
			name = Debug;
		};
		CCC101322A95F62500422865 /* Release */ = {
			isa = XCBuildConfiguration;
			buildSettings = {
				ASSETCATALOG_COMPILER_APPICON_NAME = AppIcon;
				ASSETCATALOG_COMPILER_GLOBAL_ACCENT_COLOR_NAME = AccentColor;
				CODE_SIGN_ENTITLEMENTS = MultilineTextFieldSwiftUIDemo/MultilineTextFieldSwiftUIDemo.entitlements;
				CODE_SIGN_STYLE = Automatic;
				CURRENT_PROJECT_VERSION = 1;
				DEVELOPMENT_ASSET_PATHS = "\"MultilineTextFieldSwiftUIDemo/Preview Content\"";
				DEVELOPMENT_TEAM = 7C9772Q56V;
				ENABLE_HARDENED_RUNTIME = YES;
				ENABLE_PREVIEWS = YES;
				GENERATE_INFOPLIST_FILE = YES;
				"INFOPLIST_KEY_UIApplicationSceneManifest_Generation[sdk=iphoneos*]" = YES;
				"INFOPLIST_KEY_UIApplicationSceneManifest_Generation[sdk=iphonesimulator*]" = YES;
				"INFOPLIST_KEY_UIApplicationSupportsIndirectInputEvents[sdk=iphoneos*]" = YES;
				"INFOPLIST_KEY_UIApplicationSupportsIndirectInputEvents[sdk=iphonesimulator*]" = YES;
				"INFOPLIST_KEY_UILaunchScreen_Generation[sdk=iphoneos*]" = YES;
				"INFOPLIST_KEY_UILaunchScreen_Generation[sdk=iphonesimulator*]" = YES;
				"INFOPLIST_KEY_UIStatusBarStyle[sdk=iphoneos*]" = UIStatusBarStyleDefault;
				"INFOPLIST_KEY_UIStatusBarStyle[sdk=iphonesimulator*]" = UIStatusBarStyleDefault;
				INFOPLIST_KEY_UISupportedInterfaceOrientations_iPad = "UIInterfaceOrientationPortrait UIInterfaceOrientationPortraitUpsideDown UIInterfaceOrientationLandscapeLeft UIInterfaceOrientationLandscapeRight";
				INFOPLIST_KEY_UISupportedInterfaceOrientations_iPhone = "UIInterfaceOrientationPortrait UIInterfaceOrientationLandscapeLeft UIInterfaceOrientationLandscapeRight";
				IPHONEOS_DEPLOYMENT_TARGET = 15.0;
				LD_RUNPATH_SEARCH_PATHS = "@executable_path/Frameworks";
				"LD_RUNPATH_SEARCH_PATHS[sdk=macosx*]" = "@executable_path/../Frameworks";
				MACOSX_DEPLOYMENT_TARGET = 13.3;
				MARKETING_VERSION = 1.0;
				PRODUCT_BUNDLE_IDENTIFIER = com.hsb9kr.MultilineTextFieldSwiftUIDemo;
				PRODUCT_NAME = "$(TARGET_NAME)";
				SDKROOT = auto;
				SUPPORTED_PLATFORMS = "iphoneos iphonesimulator";
				SUPPORTS_MACCATALYST = NO;
				SUPPORTS_MAC_DESIGNED_FOR_IPHONE_IPAD = NO;
				SWIFT_EMIT_LOC_STRINGS = YES;
				SWIFT_VERSION = 5.0;
				TARGETED_DEVICE_FAMILY = "1,2";
			};
			name = Release;
		};
/* End XCBuildConfiguration section */

/* Begin XCConfigurationList section */
		CCC1011C2A95F62400422865 /* Build configuration list for PBXProject "MultilineTextFieldSwiftUIDemo" */ = {
			isa = XCConfigurationList;
			buildConfigurations = (
				CCC1012E2A95F62500422865 /* Debug */,
				CCC1012F2A95F62500422865 /* Release */,
			);
			defaultConfigurationIsVisible = 0;
			defaultConfigurationName = Release;
		};
		CCC101302A95F62500422865 /* Build configuration list for PBXNativeTarget "MultilineTextFieldSwiftUIDemo" */ = {
			isa = XCConfigurationList;
			buildConfigurations = (
				CCC101312A95F62500422865 /* Debug */,
				CCC101322A95F62500422865 /* Release */,
			);
			defaultConfigurationIsVisible = 0;
			defaultConfigurationName = Release;
		};
/* End XCConfigurationList section */

/* Begin XCRemoteSwiftPackageReference section */
		CCC101452A95F77200422865 /* XCRemoteSwiftPackageReference "SwiftUI-Introspect" */ = {
			isa = XCRemoteSwiftPackageReference;
			repositoryURL = "https://github.com/siteline/SwiftUI-Introspect";
			requirement = {
				kind = upToNextMajorVersion;
				minimumVersion = 0.11.0;
			};
		};
/* End XCRemoteSwiftPackageReference section */

/* Begin XCSwiftPackageProductDependency section */
		CCC101462A95F77200422865 /* SwiftUIIntrospect */ = {
			isa = XCSwiftPackageProductDependency;
			package = CCC101452A95F77200422865 /* XCRemoteSwiftPackageReference "SwiftUI-Introspect" */;
			productName = SwiftUIIntrospect;
		};
/* End XCSwiftPackageProductDependency section */
	};
	rootObject = CCC101192A95F62400422865 /* Project object */;
}
